// !$*UTF8*$!
{
	archiveVersion = 1;
	classes = {
	};
	objectVersion = 55;
	objects = {

/* Begin PBXBuildFile section */
		BECFC01C26B9D1D0005CC3AE /* BusPlusApp.swift in Sources */ = {isa = PBXBuildFile; fileRef = BECFC01B26B9D1D0005CC3AE /* BusPlusApp.swift */; };
		BECFC02026B9D1D2005CC3AE /* Assets.xcassets in Resources */ = {isa = PBXBuildFile; fileRef = BECFC01F26B9D1D2005CC3AE /* Assets.xcassets */; };
		BECFC02326B9D1D2005CC3AE /* Preview Assets.xcassets in Resources */ = {isa = PBXBuildFile; fileRef = BECFC02226B9D1D2005CC3AE /* Preview Assets.xcassets */; };
		BECFC02A26B9E4D4005CC3AE /* URLSession.swift in Sources */ = {isa = PBXBuildFile; fileRef = BECFC02926B9E4D4005CC3AE /* URLSession.swift */; };
		BECFC02C26B9E4E3005CC3AE /* Bus.swift in Sources */ = {isa = PBXBuildFile; fileRef = BECFC02B26B9E4E3005CC3AE /* Bus.swift */; };
		BECFC02E26B9E508005CC3AE /* BusesView.swift in Sources */ = {isa = PBXBuildFile; fileRef = BECFC02D26B9E508005CC3AE /* BusesView.swift */; };
		BECFC03026B9E515005CC3AE /* BusBox.swift in Sources */ = {isa = PBXBuildFile; fileRef = BECFC02F26B9E515005CC3AE /* BusBox.swift */; };
		BECFC03526B9EF74005CC3AE /* BusDetailView.swift in Sources */ = {isa = PBXBuildFile; fileRef = BECFC03426B9EF74005CC3AE /* BusDetailView.swift */; };
/* End PBXBuildFile section */

/* Begin PBXFileReference section */
		BECFC01826B9D1D0005CC3AE /* BusPlus.app */ = {isa = PBXFileReference; explicitFileType = wrapper.application; includeInIndex = 0; path = BusPlus.app; sourceTree = BUILT_PRODUCTS_DIR; };
		BECFC01B26B9D1D0005CC3AE /* BusPlusApp.swift */ = {isa = PBXFileReference; lastKnownFileType = sourcecode.swift; path = BusPlusApp.swift; sourceTree = "<group>"; };
		BECFC01F26B9D1D2005CC3AE /* Assets.xcassets */ = {isa = PBXFileReference; lastKnownFileType = folder.assetcatalog; path = Assets.xcassets; sourceTree = "<group>"; };
		BECFC02226B9D1D2005CC3AE /* Preview Assets.xcassets */ = {isa = PBXFileReference; lastKnownFileType = folder.assetcatalog; path = "Preview Assets.xcassets"; sourceTree = "<group>"; };
		BECFC02926B9E4D4005CC3AE /* URLSession.swift */ = {isa = PBXFileReference; lastKnownFileType = sourcecode.swift; path = URLSession.swift; sourceTree = "<group>"; };
		BECFC02B26B9E4E3005CC3AE /* Bus.swift */ = {isa = PBXFileReference; lastKnownFileType = sourcecode.swift; path = Bus.swift; sourceTree = "<group>"; };
		BECFC02D26B9E508005CC3AE /* BusesView.swift */ = {isa = PBXFileReference; lastKnownFileType = sourcecode.swift; path = BusesView.swift; sourceTree = "<group>"; };
		BECFC02F26B9E515005CC3AE /* BusBox.swift */ = {isa = PBXFileReference; lastKnownFileType = sourcecode.swift; path = BusBox.swift; sourceTree = "<group>"; };
		BECFC03426B9EF74005CC3AE /* BusDetailView.swift */ = {isa = PBXFileReference; lastKnownFileType = sourcecode.swift; path = BusDetailView.swift; sourceTree = "<group>"; };
/* End PBXFileReference section */

/* Begin PBXFrameworksBuildPhase section */
		BECFC01526B9D1D0005CC3AE /* Frameworks */ = {
			isa = PBXFrameworksBuildPhase;
			buildActionMask = 2147483647;
			files = (
			);
			runOnlyForDeploymentPostprocessing = 0;
		};
/* End PBXFrameworksBuildPhase section */

/* Begin PBXGroup section */
		BECFC00F26B9D1D0005CC3AE = {
			isa = PBXGroup;
			children = (
				BECFC01A26B9D1D0005CC3AE /* BusPlus */,
				BECFC01926B9D1D0005CC3AE /* Products */,
			);
			sourceTree = "<group>";
		};
		BECFC01926B9D1D0005CC3AE /* Products */ = {
			isa = PBXGroup;
			children = (
				BECFC01826B9D1D0005CC3AE /* BusPlus.app */,
			);
			name = Products;
			sourceTree = "<group>";
		};
		BECFC01A26B9D1D0005CC3AE /* BusPlus */ = {
			isa = PBXGroup;
			children = (
				BECFC01B26B9D1D0005CC3AE /* BusPlusApp.swift */,
				BECFC03126B9E51E005CC3AE /* Views */,
				BECFC03226B9E523005CC3AE /* Models */,
				BECFC03326B9E52F005CC3AE /* Extensions */,
				BECFC01F26B9D1D2005CC3AE /* Assets.xcassets */,
				BECFC02126B9D1D2005CC3AE /* Preview Content */,
			);
			path = BusPlus;
			sourceTree = "<group>";
		};
		BECFC02126B9D1D2005CC3AE /* Preview Content */ = {
			isa = PBXGroup;
			children = (
				BECFC02226B9D1D2005CC3AE /* Preview Assets.xcassets */,
			);
			path = "Preview Content";
			sourceTree = "<group>";
		};
		BECFC03126B9E51E005CC3AE /* Views */ = {
			isa = PBXGroup;
			children = (
				BECFC02D26B9E508005CC3AE /* BusesView.swift */,
				BECFC02F26B9E515005CC3AE /* BusBox.swift */,
				BECFC03426B9EF74005CC3AE /* BusDetailView.swift */,
			);
			path = Views;
			sourceTree = "<group>";
		};
		BECFC03226B9E523005CC3AE /* Models */ = {
			isa = PBXGroup;
			children = (
				BECFC02B26B9E4E3005CC3AE /* Bus.swift */,
			);
			path = Models;
			sourceTree = "<group>";
		};
		BECFC03326B9E52F005CC3AE /* Extensions */ = {
			isa = PBXGroup;
			children = (
				BECFC02926B9E4D4005CC3AE /* URLSession.swift */,
			);
			path = Extensions;
			sourceTree = "<group>";
		};
/* End PBXGroup section */

/* Begin PBXNativeTarget section */
		BECFC01726B9D1D0005CC3AE /* BusPlus */ = {
			isa = PBXNativeTarget;
			buildConfigurationList = BECFC02626B9D1D2005CC3AE /* Build configuration list for PBXNativeTarget "BusPlus" */;
			buildPhases = (
				BECFC01426B9D1D0005CC3AE /* Sources */,
				BECFC01526B9D1D0005CC3AE /* Frameworks */,
				BECFC01626B9D1D0005CC3AE /* Resources */,
			);
			buildRules = (
			);
			dependencies = (
			);
			name = BusPlus;
			productName = BusPlus;
			productReference = BECFC01826B9D1D0005CC3AE /* BusPlus.app */;
			productType = "com.apple.product-type.application";
		};
/* End PBXNativeTarget section */

/* Begin PBXProject section */
		BECFC01026B9D1D0005CC3AE /* Project object */ = {
			isa = PBXProject;
			attributes = {
				BuildIndependentTargetsInParallel = 1;
				LastSwiftUpdateCheck = 1300;
				LastUpgradeCheck = 1300;
				TargetAttributes = {
					BECFC01726B9D1D0005CC3AE = {
						CreatedOnToolsVersion = 13.0;
					};
				};
			};
			buildConfigurationList = BECFC01326B9D1D0005CC3AE /* Build configuration list for PBXProject "BusPlus" */;
			compatibilityVersion = "Xcode 13.0";
			developmentRegion = en;
			hasScannedForEncodings = 0;
			knownRegions = (
				en,
				Base,
			);
			mainGroup = BECFC00F26B9D1D0005CC3AE;
			productRefGroup = BECFC01926B9D1D0005CC3AE /* Products */;
			projectDirPath = "";
			projectRoot = "";
			targets = (
				BECFC01726B9D1D0005CC3AE /* BusPlus */,
			);
		};
/* End PBXProject section */

/* Begin PBXResourcesBuildPhase section */
		BECFC01626B9D1D0005CC3AE /* Resources */ = {
			isa = PBXResourcesBuildPhase;
			buildActionMask = 2147483647;
			files = (
				BECFC02326B9D1D2005CC3AE /* Preview Assets.xcassets in Resources */,
				BECFC02026B9D1D2005CC3AE /* Assets.xcassets in Resources */,
			);
			runOnlyForDeploymentPostprocessing = 0;
		};
/* End PBXResourcesBuildPhase section */

/* Begin PBXSourcesBuildPhase section */
		BECFC01426B9D1D0005CC3AE /* Sources */ = {
			isa = PBXSourcesBuildPhase;
			buildActionMask = 2147483647;
			files = (
				BECFC03026B9E515005CC3AE /* BusBox.swift in Sources */,
				BECFC02E26B9E508005CC3AE /* BusesView.swift in Sources */,
				BECFC03526B9EF74005CC3AE /* BusDetailView.swift in Sources */,
				BECFC01C26B9D1D0005CC3AE /* BusPlusApp.swift in Sources */,
				BECFC02C26B9E4E3005CC3AE /* Bus.swift in Sources */,
				BECFC02A26B9E4D4005CC3AE /* URLSession.swift in Sources */,
			);
			runOnlyForDeploymentPostprocessing = 0;
		};
/* End PBXSourcesBuildPhase section */

/* Begin XCBuildConfiguration section */
		BECFC02426B9D1D2005CC3AE /* Debug */ = {
			isa = XCBuildConfiguration;
			buildSettings = {
				ALWAYS_SEARCH_USER_PATHS = NO;
				CLANG_ANALYZER_NONNULL = YES;
				CLANG_ANALYZER_NUMBER_OBJECT_CONVERSION = YES_AGGRESSIVE;
				CLANG_CXX_LANGUAGE_STANDARD = "gnu++17";
				CLANG_CXX_LIBRARY = "libc++";
				CLANG_ENABLE_MODULES = YES;
				CLANG_ENABLE_OBJC_ARC = YES;
				CLANG_ENABLE_OBJC_WEAK = YES;
				CLANG_WARN_BLOCK_CAPTURE_AUTORELEASING = YES;
				CLANG_WARN_BOOL_CONVERSION = YES;
				CLANG_WARN_COMMA = YES;
				CLANG_WARN_CONSTANT_CONVERSION = YES;
				CLANG_WARN_DEPRECATED_OBJC_IMPLEMENTATIONS = YES;
				CLANG_WARN_DIRECT_OBJC_ISA_USAGE = YES_ERROR;
				CLANG_WARN_DOCUMENTATION_COMMENTS = YES;
				CLANG_WARN_EMPTY_BODY = YES;
				CLANG_WARN_ENUM_CONVERSION = YES;
				CLANG_WARN_INFINITE_RECURSION = YES;
				CLANG_WARN_INT_CONVERSION = YES;
				CLANG_WARN_NON_LITERAL_NULL_CONVERSION = YES;
				CLANG_WARN_OBJC_IMPLICIT_RETAIN_SELF = YES;
				CLANG_WARN_OBJC_LITERAL_CONVERSION = YES;
				CLANG_WARN_OBJC_ROOT_CLASS = YES_ERROR;
				CLANG_WARN_QUOTED_INCLUDE_IN_FRAMEWORK_HEADER = YES;
				CLANG_WARN_RANGE_LOOP_ANALYSIS = YES;
				CLANG_WARN_STRICT_PROTOTYPES = YES;
				CLANG_WARN_SUSPICIOUS_MOVE = YES;
				CLANG_WARN_UNGUARDED_AVAILABILITY = YES_AGGRESSIVE;
				CLANG_WARN_UNREACHABLE_CODE = YES;
				CLANG_WARN__DUPLICATE_METHOD_MATCH = YES;
				COPY_PHASE_STRIP = NO;
				DEBUG_INFORMATION_FORMAT = dwarf;
				ENABLE_STRICT_OBJC_MSGSEND = YES;
				ENABLE_TESTABILITY = YES;
				GCC_C_LANGUAGE_STANDARD = gnu11;
				GCC_DYNAMIC_NO_PIC = NO;
				GCC_NO_COMMON_BLOCKS = YES;
				GCC_OPTIMIZATION_LEVEL = 0;
				GCC_PREPROCESSOR_DEFINITIONS = (
					"DEBUG=1",
					"$(inherited)",
				);
				GCC_WARN_64_TO_32_BIT_CONVERSION = YES;
				GCC_WARN_ABOUT_RETURN_TYPE = YES_ERROR;
				GCC_WARN_UNDECLARED_SELECTOR = YES;
				GCC_WARN_UNINITIALIZED_AUTOS = YES_AGGRESSIVE;
				GCC_WARN_UNUSED_FUNCTION = YES;
				GCC_WARN_UNUSED_VARIABLE = YES;
				IPHONEOS_DEPLOYMENT_TARGET = 15.0;
				MTL_ENABLE_DEBUG_INFO = INCLUDE_SOURCE;
				MTL_FAST_MATH = YES;
				ONLY_ACTIVE_ARCH = YES;
				SDKROOT = iphoneos;
				SWIFT_ACTIVE_COMPILATION_CONDITIONS = DEBUG;
				SWIFT_OPTIMIZATION_LEVEL = "-Onone";
			};
			name = Debug;
		};
		BECFC02526B9D1D2005CC3AE /* Release */ = {
			isa = XCBuildConfiguration;
			buildSettings = {
				ALWAYS_SEARCH_USER_PATHS = NO;
				CLANG_ANALYZER_NONNULL = YES;
				CLANG_ANALYZER_NUMBER_OBJECT_CONVERSION = YES_AGGRESSIVE;
				CLANG_CXX_LANGUAGE_STANDARD = "gnu++17";
				CLANG_CXX_LIBRARY = "libc++";
				CLANG_ENABLE_MODULES = YES;
				CLANG_ENABLE_OBJC_ARC = YES;
				CLANG_ENABLE_OBJC_WEAK = YES;
				CLANG_WARN_BLOCK_CAPTURE_AUTORELEASING = YES;
				CLANG_WARN_BOOL_CONVERSION = YES;
				CLANG_WARN_COMMA = YES;
				CLANG_WARN_CONSTANT_CONVERSION = YES;
				CLANG_WARN_DEPRECATED_OBJC_IMPLEMENTATIONS = YES;
				CLANG_WARN_DIRECT_OBJC_ISA_USAGE = YES_ERROR;
				CLANG_WARN_DOCUMENTATION_COMMENTS = YES;
				CLANG_WARN_EMPTY_BODY = YES;
				CLANG_WARN_ENUM_CONVERSION = YES;
				CLANG_WARN_INFINITE_RECURSION = YES;
				CLANG_WARN_INT_CONVERSION = YES;
				CLANG_WARN_NON_LITERAL_NULL_CONVERSION = YES;
				CLANG_WARN_OBJC_IMPLICIT_RETAIN_SELF = YES;
				CLANG_WARN_OBJC_LITERAL_CONVERSION = YES;
				CLANG_WARN_OBJC_ROOT_CLASS = YES_ERROR;
				CLANG_WARN_QUOTED_INCLUDE_IN_FRAMEWORK_HEADER = YES;
				CLANG_WARN_RANGE_LOOP_ANALYSIS = YES;
				CLANG_WARN_STRICT_PROTOTYPES = YES;
				CLANG_WARN_SUSPICIOUS_MOVE = YES;
				CLANG_WARN_UNGUARDED_AVAILABILITY = YES_AGGRESSIVE;
				CLANG_WARN_UNREACHABLE_CODE = YES;
				CLANG_WARN__DUPLICATE_METHOD_MATCH = YES;
				COPY_PHASE_STRIP = NO;
				DEBUG_INFORMATION_FORMAT = "dwarf-with-dsym";
				ENABLE_NS_ASSERTIONS = NO;
				ENABLE_STRICT_OBJC_MSGSEND = YES;
				GCC_C_LANGUAGE_STANDARD = gnu11;
				GCC_NO_COMMON_BLOCKS = YES;
				GCC_WARN_64_TO_32_BIT_CONVERSION = YES;
				GCC_WARN_ABOUT_RETURN_TYPE = YES_ERROR;
				GCC_WARN_UNDECLARED_SELECTOR = YES;
				GCC_WARN_UNINITIALIZED_AUTOS = YES_AGGRESSIVE;
				GCC_WARN_UNUSED_FUNCTION = YES;
				GCC_WARN_UNUSED_VARIABLE = YES;
				IPHONEOS_DEPLOYMENT_TARGET = 15.0;
				MTL_ENABLE_DEBUG_INFO = NO;
				MTL_FAST_MATH = YES;
				SDKROOT = iphoneos;
				SWIFT_COMPILATION_MODE = wholemodule;
				SWIFT_OPTIMIZATION_LEVEL = "-O";
				VALIDATE_PRODUCT = YES;
			};
			name = Release;
		};
		BECFC02726B9D1D2005CC3AE /* Debug */ = {
			isa = XCBuildConfiguration;
			buildSettings = {
				ASSETCATALOG_COMPILER_APPICON_NAME = AppIcon;
				ASSETCATALOG_COMPILER_GLOBAL_ACCENT_COLOR_NAME = AccentColor;
				CODE_SIGN_STYLE = Automatic;
				CURRENT_PROJECT_VERSION = 1;
				DEVELOPMENT_ASSET_PATHS = "\"BusPlus/Preview Content\"";
				DEVELOPMENT_TEAM = 4CQW4CFFYT;
				ENABLE_PREVIEWS = YES;
				GENERATE_INFOPLIST_FILE = YES;
				INFOPLIST_KEY_UIApplicationSceneManifest_Generation = YES;
				INFOPLIST_KEY_UIApplicationSupportsIndirectInputEvents = YES;
				INFOPLIST_KEY_UILaunchScreen_Generation = YES;
				INFOPLIST_KEY_UISupportedInterfaceOrientations_iPad = "UIInterfaceOrientationPortrait UIInterfaceOrientationPortraitUpsideDown UIInterfaceOrientationLandscapeLeft UIInterfaceOrientationLandscapeRight";
				INFOPLIST_KEY_UISupportedInterfaceOrientations_iPhone = "UIInterfaceOrientationPortrait UIInterfaceOrientationLandscapeLeft UIInterfaceOrientationLandscapeRight";
				IPHONEOS_DEPLOYMENT_TARGET = 15.0;
				LD_RUNPATH_SEARCH_PATHS = (
					"$(inherited)",
					"@executable_path/Frameworks",
				);
				MARKETING_VERSION = 1.0;
				PRODUCT_BUNDLE_IDENTIFIER = jackfinnis.BusPlus;
				PRODUCT_NAME = "$(TARGET_NAME)";
				SWIFT_EMIT_LOC_STRINGS = YES;
				SWIFT_VERSION = 5.0;
				TARGETED_DEVICE_FAMILY = "1,2";
			};
			name = Debug;
		};
		BECFC02826B9D1D2005CC3AE /* Release */ = {
			isa = XCBuildConfiguration;
			buildSettings = {
				ASSETCATALOG_COMPILER_APPICON_NAME = AppIcon;
				ASSETCATALOG_COMPILER_GLOBAL_ACCENT_COLOR_NAME = AccentColor;
				CODE_SIGN_STYLE = Automatic;
				CURRENT_PROJECT_VERSION = 1;
				DEVELOPMENT_ASSET_PATHS = "\"BusPlus/Preview Content\"";
				DEVELOPMENT_TEAM = 4CQW4CFFYT;
				ENABLE_PREVIEWS = YES;
				GENERATE_INFOPLIST_FILE = YES;
				INFOPLIST_KEY_UIApplicationSceneManifest_Generation = YES;
				INFOPLIST_KEY_UIApplicationSupportsIndirectInputEvents = YES;
				INFOPLIST_KEY_UILaunchScreen_Generation = YES;
				INFOPLIST_KEY_UISupportedInterfaceOrientations_iPad = "UIInterfaceOrientationPortrait UIInterfaceOrientationPortraitUpsideDown UIInterfaceOrientationLandscapeLeft UIInterfaceOrientationLandscapeRight";
				INFOPLIST_KEY_UISupportedInterfaceOrientations_iPhone = "UIInterfaceOrientationPortrait UIInterfaceOrientationLandscapeLeft UIInterfaceOrientationLandscapeRight";
				IPHONEOS_DEPLOYMENT_TARGET = 15.0;
				LD_RUNPATH_SEARCH_PATHS = (
					"$(inherited)",
					"@executable_path/Frameworks",
				);
				MARKETING_VERSION = 1.0;
				PRODUCT_BUNDLE_IDENTIFIER = jackfinnis.BusPlus;
				PRODUCT_NAME = "$(TARGET_NAME)";
				SWIFT_EMIT_LOC_STRINGS = YES;
				SWIFT_VERSION = 5.0;
				TARGETED_DEVICE_FAMILY = "1,2";
			};
			name = Release;
		};
/* End XCBuildConfiguration section */

/* Begin XCConfigurationList section */
		BECFC01326B9D1D0005CC3AE /* Build configuration list for PBXProject "BusPlus" */ = {
			isa = XCConfigurationList;
			buildConfigurations = (
				BECFC02426B9D1D2005CC3AE /* Debug */,
				BECFC02526B9D1D2005CC3AE /* Release */,
			);
			defaultConfigurationIsVisible = 0;
			defaultConfigurationName = Release;
		};
		BECFC02626B9D1D2005CC3AE /* Build configuration list for PBXNativeTarget "BusPlus" */ = {
			isa = XCConfigurationList;
			buildConfigurations = (
				BECFC02726B9D1D2005CC3AE /* Debug */,
				BECFC02826B9D1D2005CC3AE /* Release */,
			);
			defaultConfigurationIsVisible = 0;
			defaultConfigurationName = Release;
		};
/* End XCConfigurationList section */
	};
	rootObject = BECFC01026B9D1D0005CC3AE /* Project object */;
}
